lockfileVersion: '9.0'

settings:
  autoInstallPeers: true
  excludeLinksFromLockfile: false

importers:

  .:
    dependencies:
      '@arcgis/core':
        specifier: ^4.31.6
        version: 4.31.6(@floating-ui/utils@0.2.9)
      esri-loader:
        specifier: ^3.7.0
        version: 3.7.0
    devDependencies:
      '@types/arcgis-js-api':
        specifier: ^4.28.4
        version: 4.28.4

packages:

  '@arcgis/core@4.31.6':
    resolution: {integrity: sha512-+NSYtEJy/wRQcEX+f5OHBhg4MX26HeZFYghd7+VMTasalHUAD3y9PPiakLIfhahX/4EiSLuy25m1P93BBlybXg==}

  '@esri/arcgis-html-sanitizer@4.1.0':
    resolution: {integrity: sha512-einEveDJ/k1180NOp78PB/4Hje9eBy3dyOGLLtLn6bSkizpUfCwuYBIXOA7Y3F/k/BsTQXgKqUVwQ0eiscWMdA==}
    engines: {node: '>=18.0.0'}

  '@esri/calcite-colors@6.1.0':
    resolution: {integrity: sha512-wHQYWFtDa6c328EraXEVZvgOiaQyYr0yuaaZ0G3cB4C3lSkWefW34L/e5TLAhtuG3zJ/wR6pl5X1YYNfBc0/4Q==}

  '@esri/calcite-components@2.13.2':
    resolution: {integrity: sha512-90v4H8zs2wEzUXQGmZ+joHhP7ulFUHmQjDlIwXylJiDvoChhnEm38iv7eeG+X8im06biIHEDGRB8LLszlQQ7jw==}

  '@esri/calcite-ui-icons@3.32.0':
    resolution: {integrity: sha512-2UEddEeSnpXVWp/uNrgym3mrb8lZ5+vXFbtmvXv5NiE32nQGw2MFZD52L5Z+FsxqHJ9vVrtl/X6pTIgkd0c8jA==}
    hasBin: true

  '@floating-ui/core@1.6.9':
    resolution: {integrity: sha512-uMXCuQ3BItDUbAMhIXw7UPXRfAlOAvZzdK9BWpE60MCn+Svt3aLn9jsPTi/WNGlRUu2uI0v5S7JiIUsbsvh3fw==}

  '@floating-ui/dom@1.6.11':
    resolution: {integrity: sha512-qkMCxSR24v2vGkhYDo/UzxfJN3D4syqSjyuTFz6C7XcpU1pASPRieNI0Kj5VP3/503mOfYiGY891ugBX1GlABQ==}

  '@floating-ui/utils@0.2.9':
    resolution: {integrity: sha512-MDWhGtE+eHw5JW7lq4qhc5yRLS11ERl1c7Z6Xd0a58DozHES6EnNNwUWbMiG4J9Cgj053Bhk8zvlhFYKVhULwg==}

  '@interactjs/types@1.10.27':
    resolution: {integrity: sha512-BUdv0cvs4H5ODuwft2Xp4eL8Vmi3LcihK42z0Ft/FbVJZoRioBsxH+LlsBdK4tAie7PqlKGy+1oyOncu1nQ6eA==}

  '@lit-labs/ssr-dom-shim@1.3.0':
    resolution: {integrity: sha512-nQIWonJ6eFAvUUrSlwyHDm/aE8PBDu5kRpL0vHMg6K8fK3Diq1xdPjTnsJSwxABhaZ+5eBi1btQB5ShUTKo4nQ==}

  '@lit/reactive-element@2.0.4':
    resolution: {integrity: sha512-GFn91inaUa2oHLak8awSIigYz0cU0Payr1rcFsrkf5OJ5eSPxElyZfKh0f2p9FsTiZWXQdWGJeXZICEfXXYSXQ==}

  '@open-wc/dedupe-mixin@1.4.0':
    resolution: {integrity: sha512-Sj7gKl1TLcDbF7B6KUhtvr+1UCxdhMbNY5KxdU5IfMFWqL8oy1ZeAcCANjoB1TL0AJTcPmcCFsCbHf8X2jGDUA==}

  '@polymer/polymer@3.5.2':
    resolution: {integrity: sha512-fWwImY/UH4bb2534DVSaX+Azs2yKg8slkMBHOyGeU2kKx7Xmxp6Lee0jP8p6B3d7c1gFUPB2Z976dTUtX81pQA==}

  '@stencil/core@4.20.0':
    resolution: {integrity: sha512-WPrTHFngvN081RY+dJPneKQLwnOFD60OMCOQGmmSHfCW0f4ujPMzzhwWU1gcSwXPWXz5O+8cBiiCaxAbJU7kAg==}
    engines: {node: '>=16.0.0', npm: '>=7.10.0'}
    hasBin: true

  '@types/arcgis-js-api@4.28.4':
    resolution: {integrity: sha512-a4/GU3XKTy2gB6vynna3wgLKVb8hbZebWY36GvJq2qG+vc6WQPUGr3hH3nOrlO4heOLri5UHc58Z1tFugppgoQ==}
    deprecated: This is a stub types definition. arcgis-js-api provides its own type definitions, so you do not need this installed.

  '@types/color-convert@2.0.4':
    resolution: {integrity: sha512-Ub1MmDdyZ7mX//g25uBAoH/mWGd9swVbt8BseymnaE18SU4po/PjmCrHxqIIRjBo3hV/vh1KGr0eMxUhp+t+dQ==}

  '@types/color-name@1.1.5':
    resolution: {integrity: sha512-j2K5UJqGTxeesj6oQuGpMgifpT5k9HprgQd8D1Y0lOFqKHl3PJu5GMeS4Y5EgjS55AE6OQxf8mPED9uaGbf4Cg==}

  '@types/color@3.0.6':
    resolution: {integrity: sha512-NMiNcZFRUAiUUCCf7zkAelY8eV3aKqfbzyFQlXpPIEeoNDbsEHGpb854V3gzTsGKYj830I5zPuOwU/TP5/cW6A==}

  '@types/sortablejs@1.15.8':
    resolution: {integrity: sha512-b79830lW+RZfwaztgs1aVPgbasJ8e7AXtZYHTELNXZPsERt4ymJdjV4OccDbHQAvHrCcFpbF78jkm0R6h/pZVg==}

  '@types/trusted-types@2.0.7':
    resolution: {integrity: sha512-ScaPdn1dQczgbl0QFTeTOmVHFULt394XJgOQNoyVhZ6r2vLnMLJfBPd53SB52T/3G36VI1/g2MZaX0cwDuXsfw==}

  '@vaadin/a11y-base@24.5.7':
    resolution: {integrity: sha512-XDqQ/negHPp/FO82fKz89y68UqLZMDLTfExG33Hch4c/LuGvCyd8jfjn4FImHEeTD4GyImOk5zai1IHMmS3yPQ==}

  '@vaadin/checkbox@24.5.7':
    resolution: {integrity: sha512-8CL1x/9KcFwNAejqgjQT3kgS5PbKZDojA+pQEVx+L2W5VL2AltWQkEO+k28FZky3+EvCWC537ljLLxuP40WlDA==}

  '@vaadin/component-base@24.5.7':
    resolution: {integrity: sha512-WmgSHWL0NkRNPh3gxacBgcPMi8YekQdjVfQGxwqgaSrha+qNJyPjphLRD8yd1rb/Pf9Pr9sgtYJ6aFL8fM26Iw==}

  '@vaadin/field-base@24.5.7':
    resolution: {integrity: sha512-sKKAsZipFX24g+uIPyAcNwM38wCuYHo+YRH0pRsdxnG3/z2xFWX2ez0HnsoAl78+ykieaHSKVmOUbaasI3PUUw==}

  '@vaadin/grid@24.5.7':
    resolution: {integrity: sha512-ruyYrvKgeeTzTGj4BCla4Jxa60bedncOnTcGb5V7T8WAtxiY3ATaij2vtMGayFoTch7QdO+WaZadFz0dZ86CIw==}

  '@vaadin/icon@24.5.7':
    resolution: {integrity: sha512-UYwQOg9027hSqqzpeMR4/e6219/RLmFRNenk6g7gtZs5zK6xc9q+7giZwFVO+EcT+LaUYuoIXVaQT04RBo8d3w==}

  '@vaadin/input-container@24.5.7':
    resolution: {integrity: sha512-zh0iisAUYh1e0cKYEkTKF4L113PluWwlkkjJE2MvJDuXh+klhoOEK+HQRNRgEJV6iA4UrvLXluFRsC4Cf8DGaw==}

  '@vaadin/lit-renderer@24.5.7':
    resolution: {integrity: sha512-xTCLwFnbLl2E1giXdTdUeFobUJyVc2Xepgw1Tie3Oh6E/UbXQnw1LCcw/ISDUal7+7I/RaYpt/RPsnu4fwzwrA==}

  '@vaadin/text-field@24.5.7':
    resolution: {integrity: sha512-r3MUtKiZeTc7XDQWLfaBZ6Wp7ujPueHqo4w9WUyzDOzp6ENu9R+wDT1wUHNwNdxDYBleOz0X9vNoApHbucbjcw==}

  '@vaadin/vaadin-development-mode-detector@2.0.7':
    resolution: {integrity: sha512-9FhVhr0ynSR3X2ao+vaIEttcNU5XfzCbxtmYOV8uIRnUCtNgbvMOIcyGBvntsX9I5kvIP2dV3cFAOG9SILJzEA==}

  '@vaadin/vaadin-lumo-styles@24.5.7':
    resolution: {integrity: sha512-T1fCKBLK8trsFRBJ9t3rTcUlb2rXVsV3DUY9HLZTN7YqS77a0JO/oePv+A5WNrjqGmjbLGH95isOJnUulpINqA==}

  '@vaadin/vaadin-material-styles@24.5.7':
    resolution: {integrity: sha512-lPHv42w6CkHnwrpUAwWbBo0ah+Fh503gTF+vKEO6M1ofMvQ4V1HtKAqh35Jftc8QxXgCzrvlENiOsBc1gUrG+g==}

  '@vaadin/vaadin-themable-mixin@24.5.7':
    resolution: {integrity: sha512-mF60JIWdMsVx2LkdbXP7tO3+TyPc7StqaJGz7PgH34aDCVh0V3GD/H1o0qaIM9rnKfFCluPACdNnTNIIhT9MDg==}

  '@vaadin/vaadin-usage-statistics@2.1.3':
    resolution: {integrity: sha512-8r4TNknD7OJQADe3VygeofFR7UNAXZ2/jjBFP5dgI8+2uMfnuGYgbuHivasKr9WSQ64sPej6m8rDoM1uSllXjQ==}
    engines: {node: ^12.20.0 || ^14.13.1 || >=16.0.0}

  '@webcomponents/shadycss@1.11.2':
    resolution: {integrity: sha512-vRq+GniJAYSBmTRnhCYPAPq6THYqovJ/gzGThWbgEZUQaBccndGTi1hdiUP15HzEco0I6t4RCtXyX0rsSmwgPw==}

  '@zip.js/zip.js@2.7.54':
    resolution: {integrity: sha512-qMrJVg2hoEsZJjMJez9yI2+nZlBUxgYzGV3mqcb2B/6T1ihXp0fWBDYlVHlHquuorgNUQP5a8qSmX6HF5rFJNg==}
    engines: {bun: '>=0.7.0', deno: '>=1.0.0', node: '>=16.5.0'}

  arcgis-js-api@4.31.6:
    resolution: {integrity: sha512-yTHXskQBRu0nqZxb/OanbHvwBjItCLGWgpqG6yGvyxsmBe311br2A+pcPMD2X7InIt2qW1LXBB171WvaNdiueQ==}
    deprecated: Use @arcgis/core instead.

  color-convert@2.0.1:
    resolution: {integrity: sha512-RRECPsj7iu/xb5oKYcsFHSppFNnsj/52OVTRKb4zP5onXwVF3zVmmToNcOfGC+CRDpfK/U584fMg38ZHCaElKQ==}
    engines: {node: '>=7.0.0'}

  color-name@1.1.4:
    resolution: {integrity: sha512-dOy+3AuW3a2wNbZHIuMZpTcgjGuLU/uBL/ubcZF9OXbDo8ff4O8yVp5Bf0efS8uEoYo5q4Fx7dY9OgQGXgAsQA==}

  color-string@1.9.1:
    resolution: {integrity: sha512-shrVawQFojnZv6xM40anx4CkoDP+fZsw/ZerEMsW/pyzsRbElpsL/DBVW7q3ExxwusdNXI3lXpuhEZkzs8p5Eg==}

  color@4.2.3:
    resolution: {integrity: sha512-1rXeuUUiGGrykh+CeBdu5Ie7OJwinCgQY0bc7GCRxy5xVHy+moaqkpL/jqQq0MtQOeYcrqEz4abc5f0KtU7W4A==}
    engines: {node: '>=12.5.0'}

  commander@2.20.3:
    resolution: {integrity: sha512-GpVkmM8vF2vQUkj2LvZmD35JxeJOLCwJ9cUkugyk2nuhbv3+mJvpLYYt+0+USMxE+oj+ey/lJEnhZw75x/OMcQ==}

  composed-offset-position@0.0.6:
    resolution: {integrity: sha512-Q7dLompI6lUwd7LWyIcP66r4WcS9u7AL2h8HaeipiRfCRPLMWqRx8fYsjb4OHi6UQFifO7XtNC2IlEJ1ozIFxw==}
    peerDependencies:
      '@floating-ui/utils': ^0.2.5

  cssfilter@0.0.10:
    resolution: {integrity: sha512-FAaLDaplstoRsDR8XGYH51znUN0UY7nMc6Z9/fvE8EXGwvJE9hu7W2vHwx1+bd6gCYnln9nLbzxFTrcO9YQDZw==}

  dayjs@1.11.13:
    resolution: {integrity: sha512-oaMBel6gjolK862uaPQOVTA7q3TZhuSvuMQAAglQDOWYO9A91IrAOUJEyKVlqJlHE0vq5p5UXxzdPfMH/x6xNg==}

  esri-loader@3.7.0:
    resolution: {integrity: sha512-cB1Sw9EQjtW4mtT7eFBjn/6VaaIWNTjmTd2asnnEyuZk1xVSFRMCfLZSBSjZM7ZarDcVu5WIjOP0t0MYVu4hVQ==}
    deprecated: Use @arcgis/core instead.

  focus-trap@7.6.0:
    resolution: {integrity: sha512-1td0l3pMkWJLFipobUcGaf+5DTY4PLDDrcqoSaKP8ediO/CoWCCYk/fT/Y2A4e6TNB+Sh6clRJCjOPPnKoNHnQ==}

  interactjs@1.10.27:
    resolution: {integrity: sha512-y/8RcCftGAF24gSp76X2JS3XpHiUvDQyhF8i7ujemBz77hwiHDuJzftHx7thY8cxGogwGiPJ+o97kWB6eAXnsA==}

  is-arrayish@0.3.2:
    resolution: {integrity: sha512-eVRqCvVlZbuw3GrM63ovNSNAeA1K16kaR/LRY/92w0zxQ5/1YzwblUX652i4Xs9RwAGjW9d9y6X88t8OaAJfWQ==}

  lit-element@4.1.1:
    resolution: {integrity: sha512-HO9Tkkh34QkTeUmEdNYhMT8hzLid7YlMlATSi1q4q17HE5d9mrrEHJ/o8O2D0cMi182zK1F3v7x0PWFjrhXFew==}

  lit-html@3.2.1:
    resolution: {integrity: sha512-qI/3lziaPMSKsrwlxH/xMgikhQ0EGOX2ICU73Bi/YHFvz2j/yMCIrw4+puF2IpQ4+upd3EWbvnHM9+PnJn48YA==}

  lit@3.2.1:
    resolution: {integrity: sha512-1BBa1E/z0O9ye5fZprPtdqnc0BFzxIxTTOO/tQFmyC/hj1O3jL4TfmLBw0WEwjAokdLwpclkvGgDJwTIh0/22w==}

  lodash-es@4.17.21:
    resolution: {integrity: sha512-mKnC+QJ9pWVzv+C4/U3rRsHapFfHvQFoFB92e52xeyGMcX6/OlIl78je1u8vePzYZSkkogMPJ2yjxxsb89cxyw==}

  luxon@3.5.0:
    resolution: {integrity: sha512-rh+Zjr6DNfUYR3bPwJEnuwDdqMbxZW7LOQfUN4B54+Cl+0o5zaU9RJ6bcidfDtC1cWCZXQ+nvX8bf6bAji37QQ==}
    engines: {node: '>=12'}

  marked@14.1.4:
    resolution: {integrity: sha512-vkVZ8ONmUdPnjCKc5uTRvmkRbx4EAi2OkTOXmfTDhZz3OFqMNBM1oTTWwTr4HY4uAEojhzPf+Fy8F1DWa3Sndg==}
    engines: {node: '>= 18'}
    hasBin: true

  simple-swizzle@0.2.2:
    resolution: {integrity: sha512-JA//kQgZtbuY83m+xT+tXJkmJncGMTFT+C+g2h2R9uxkYIrE2yy9sgmcLhCnw57/WSD+Eh3J97FPEDFnbXnDUg==}

  sortablejs@1.15.3:
    resolution: {integrity: sha512-zdK3/kwwAK1cJgy1rwl1YtNTbRmc8qW/+vgXf75A7NHag5of4pyI6uK86ktmQETyWRH7IGaE73uZOOBcGxgqZg==}

  sortablejs@1.15.6:
    resolution: {integrity: sha512-aNfiuwMEpfBM/CN6LY0ibyhxPfPbyFeBTYJKCvzkJ2GkUpazIt3H+QIPAMHwqQ7tMKaHz1Qj+rJJCqljnf4p3A==}

  tabbable@6.2.0:
    resolution: {integrity: sha512-Cat63mxsVJlzYvN51JmVXIgNoUokrIaT2zLclCXjRd8boZ0004U4KCs/sToJ75C6sdlByWxpYnb5Boif1VSFew==}

  timezone-groups@0.10.2:
    resolution: {integrity: sha512-01G9JdlIybA9Njp0wJcGenXKWAw+woWbv6W/oMexWyPs7Nr/S2p2n1NRrMHbHaFzdf+PNNStQp1WILdnAGjYXQ==}
    engines: {node: '>=18.12.0'}

  type-fest@4.18.2:
    resolution: {integrity: sha512-+suCYpfJLAe4OXS6+PPXjW3urOS4IoP9waSiLuXfLgqZODKw/aWwASvzqE886wA0kQgGy0mIWyhd87VpqIy6Xg==}
    engines: {node: '>=16'}

  xss@1.0.13:
    resolution: {integrity: sha512-clu7dxTm1e8Mo5fz3n/oW3UCXBfV89xZ72jM8yzo1vR/pIS0w3sgB3XV2H8Vm6zfGnHL0FzvLJPJEBhd86/z4Q==}
    engines: {node: '>= 0.10.0'}
    hasBin: true

snapshots:

  '@arcgis/core@4.31.6(@floating-ui/utils@0.2.9)':
    dependencies:
      '@esri/arcgis-html-sanitizer': 4.1.0
      '@esri/calcite-colors': 6.1.0
      '@esri/calcite-components': 2.13.2(@floating-ui/utils@0.2.9)
      '@vaadin/grid': 24.5.7
      '@zip.js/zip.js': 2.7.54
      luxon: 3.5.0
      marked: 14.1.4
      sortablejs: 1.15.6
    transitivePeerDependencies:
      - '@floating-ui/utils'

  '@esri/arcgis-html-sanitizer@4.1.0':
    dependencies:
      xss: 1.0.13

  '@esri/calcite-colors@6.1.0': {}

  '@esri/calcite-components@2.13.2(@floating-ui/utils@0.2.9)':
    dependencies:
      '@esri/calcite-ui-icons': 3.32.0
      '@floating-ui/dom': 1.6.11
      '@stencil/core': 4.20.0
      '@types/color': 3.0.6
      '@types/sortablejs': 1.15.8
      color: 4.2.3
      composed-offset-position: 0.0.6(@floating-ui/utils@0.2.9)
      dayjs: 1.11.13
      focus-trap: 7.6.0
      interactjs: 1.10.27
      lodash-es: 4.17.21
      sortablejs: 1.15.3
      timezone-groups: 0.10.2
      type-fest: 4.18.2
    transitivePeerDependencies:
      - '@floating-ui/utils'

  '@esri/calcite-ui-icons@3.32.0': {}

  '@floating-ui/core@1.6.9':
    dependencies:
      '@floating-ui/utils': 0.2.9

  '@floating-ui/dom@1.6.11':
    dependencies:
      '@floating-ui/core': 1.6.9
      '@floating-ui/utils': 0.2.9

  '@floating-ui/utils@0.2.9': {}

  '@interactjs/types@1.10.27': {}

  '@lit-labs/ssr-dom-shim@1.3.0': {}

  '@lit/reactive-element@2.0.4':
    dependencies:
      '@lit-labs/ssr-dom-shim': 1.3.0

  '@open-wc/dedupe-mixin@1.4.0': {}

  '@polymer/polymer@3.5.2':
    dependencies:
      '@webcomponents/shadycss': 1.11.2

  '@stencil/core@4.20.0': {}

  '@types/arcgis-js-api@4.28.4':
    dependencies:
      arcgis-js-api: 4.31.6

  '@types/color-convert@2.0.4':
    dependencies:
      '@types/color-name': 1.1.5

  '@types/color-name@1.1.5': {}

  '@types/color@3.0.6':
    dependencies:
      '@types/color-convert': 2.0.4

  '@types/sortablejs@1.15.8': {}

  '@types/trusted-types@2.0.7': {}

  '@vaadin/a11y-base@24.5.7':
    dependencies:
      '@open-wc/dedupe-mixin': 1.4.0
      '@polymer/polymer': 3.5.2
      '@vaadin/component-base': 24.5.7
      lit: 3.2.1

  '@vaadin/checkbox@24.5.7':
    dependencies:
      '@open-wc/dedupe-mixin': 1.4.0
      '@polymer/polymer': 3.5.2
      '@vaadin/a11y-base': 24.5.7
      '@vaadin/component-base': 24.5.7
      '@vaadin/field-base': 24.5.7
      '@vaadin/vaadin-lumo-styles': 24.5.7
      '@vaadin/vaadin-material-styles': 24.5.7
      '@vaadin/vaadin-themable-mixin': 24.5.7
      lit: 3.2.1

  '@vaadin/component-base@24.5.7':
    dependencies:
      '@open-wc/dedupe-mixin': 1.4.0
      '@polymer/polymer': 3.5.2
      '@vaadin/vaadin-development-mode-detector': 2.0.7
      '@vaadin/vaadin-usage-statistics': 2.1.3
      lit: 3.2.1

  '@vaadin/field-base@24.5.7':
    dependencies:
      '@open-wc/dedupe-mixin': 1.4.0
      '@polymer/polymer': 3.5.2
      '@vaadin/a11y-base': 24.5.7
      '@vaadin/component-base': 24.5.7
      lit: 3.2.1

  '@vaadin/grid@24.5.7':
    dependencies:
      '@open-wc/dedupe-mixin': 1.4.0
      '@polymer/polymer': 3.5.2
      '@vaadin/a11y-base': 24.5.7
      '@vaadin/checkbox': 24.5.7
      '@vaadin/component-base': 24.5.7
      '@vaadin/lit-renderer': 24.5.7
      '@vaadin/text-field': 24.5.7
      '@vaadin/vaadin-lumo-styles': 24.5.7
      '@vaadin/vaadin-material-styles': 24.5.7
      '@vaadin/vaadin-themable-mixin': 24.5.7
      lit: 3.2.1

  '@vaadin/icon@24.5.7':
    dependencies:
      '@open-wc/dedupe-mixin': 1.4.0
      '@polymer/polymer': 3.5.2
      '@vaadin/component-base': 24.5.7
      '@vaadin/vaadin-lumo-styles': 24.5.7
      '@vaadin/vaadin-themable-mixin': 24.5.7
      lit: 3.2.1

  '@vaadin/input-container@24.5.7':
    dependencies:
      '@polymer/polymer': 3.5.2
      '@vaadin/component-base': 24.5.7
      '@vaadin/vaadin-lumo-styles': 24.5.7
      '@vaadin/vaadin-material-styles': 24.5.7
      '@vaadin/vaadin-themable-mixin': 24.5.7
      lit: 3.2.1

  '@vaadin/lit-renderer@24.5.7':
    dependencies:
      lit: 3.2.1

  '@vaadin/text-field@24.5.7':
    dependencies:
      '@open-wc/dedupe-mixin': 1.4.0
      '@polymer/polymer': 3.5.2
      '@vaadin/a11y-base': 24.5.7
      '@vaadin/component-base': 24.5.7
      '@vaadin/field-base': 24.5.7
      '@vaadin/input-container': 24.5.7
      '@vaadin/vaadin-lumo-styles': 24.5.7
      '@vaadin/vaadin-material-styles': 24.5.7
      '@vaadin/vaadin-themable-mixin': 24.5.7
      lit: 3.2.1

  '@vaadin/vaadin-development-mode-detector@2.0.7': {}

  '@vaadin/vaadin-lumo-styles@24.5.7':
    dependencies:
      '@polymer/polymer': 3.5.2
      '@vaadin/component-base': 24.5.7
      '@vaadin/icon': 24.5.7
      '@vaadin/vaadin-themable-mixin': 24.5.7

  '@vaadin/vaadin-material-styles@24.5.7':
    dependencies:
      '@polymer/polymer': 3.5.2
      '@vaadin/component-base': 24.5.7
      '@vaadin/vaadin-themable-mixin': 24.5.7

  '@vaadin/vaadin-themable-mixin@24.5.7':
    dependencies:
      '@open-wc/dedupe-mixin': 1.4.0
      lit: 3.2.1

  '@vaadin/vaadin-usage-statistics@2.1.3':
    dependencies:
      '@vaadin/vaadin-development-mode-detector': 2.0.7

  '@webcomponents/shadycss@1.11.2': {}

  '@zip.js/zip.js@2.7.54': {}

  arcgis-js-api@4.31.6: {}

  color-convert@2.0.1:
    dependencies:
      color-name: 1.1.4

  color-name@1.1.4: {}

  color-string@1.9.1:
    dependencies:
      color-name: 1.1.4
      simple-swizzle: 0.2.2

  color@4.2.3:
    dependencies:
      color-convert: 2.0.1
      color-string: 1.9.1

  commander@2.20.3: {}

  composed-offset-position@0.0.6(@floating-ui/utils@0.2.9):
    dependencies:
      '@floating-ui/utils': 0.2.9

  cssfilter@0.0.10: {}

  dayjs@1.11.13: {}

  esri-loader@3.7.0: {}

  focus-trap@7.6.0:
    dependencies:
      tabbable: 6.2.0

  interactjs@1.10.27:
    dependencies:
      '@interactjs/types': 1.10.27

  is-arrayish@0.3.2: {}

  lit-element@4.1.1:
    dependencies:
      '@lit-labs/ssr-dom-shim': 1.3.0
      '@lit/reactive-element': 2.0.4
      lit-html: 3.2.1

  lit-html@3.2.1:
    dependencies:
      '@types/trusted-types': 2.0.7

  lit@3.2.1:
    dependencies:
      '@lit/reactive-element': 2.0.4
      lit-element: 4.1.1
      lit-html: 3.2.1

  lodash-es@4.17.21: {}

  luxon@3.5.0: {}

  marked@14.1.4: {}

  simple-swizzle@0.2.2:
    dependencies:
      is-arrayish: 0.3.2

  sortablejs@1.15.3: {}

  sortablejs@1.15.6: {}

  tabbable@6.2.0: {}

  timezone-groups@0.10.2: {}

  type-fest@4.18.2: {}

  xss@1.0.13:
    dependencies:
      commander: 2.20.3
      cssfilter: 0.0.10
